
Microsoft Visual Studio Solution File, Format Version 12.00
# Visual Studio Version 16
VisualStudioVersion = 16.0.31129.286
MinimumVisualStudioVersion = 10.0.40219.1
Project("{FAE04EC0-301F-11D3-BF4B-00C04F79EFBC}") = "MptService.Track.Server", "MptService.Track.Server\MptService.Track.Server.csproj", "{DE739942-85B2-4DA8-B1E9-83B4982F98FC}"
EndProject
Global
	GlobalSection(SolutionConfigurationPlatforms) = preSolution
		Debug|Any CPU = Debug|Any CPU
		Release|Any CPU = Release|Any CPU
	EndGlobalSection
	GlobalSection(ProjectConfigurationPlatforms) = postSolution
		{DE739942-85B2-4DA8-B1E9-83B4982F98FC}.Debug|Any CPU.ActiveCfg = Debug|Any CPU
		{DE739942-85B2-4DA8-B1E9-83B4982F98FC}.Debug|Any CPU.Build.0 = Debug|Any CPU
		{DE739942-85B2-4DA8-B1E9-83B4982F98FC}.Release|Any CPU.ActiveCfg = Release|Any CPU
		{DE739942-85B2-4DA8-B1E9-83B4982F98FC}.Release|Any CPU.Build.0 = Release|Any CPU
	EndGlobalSection
	GlobalSection(SolutionProperties) = preSolution
		HideSolutionNode = FALSE
	EndGlobalSection
	GlobalSection(ExtensibilityGlobals) = postSolution
		SolutionGuid = {9623DA70-6031-4573-B63E-521A53D14A53}
	EndGlobalSection
EndGlobal
